// !$*UTF8*$!
{
	archiveVersion = 1;
	classes = {
	};
	objectVersion = 48;
	objects = {

/* Begin PBXBuildFile section */
		7309AED61FC6CCC100054A6B /* ActivityGraphDefinition.swift in Sources */ = {isa = PBXBuildFile; fileRef = 7309AED51FC6CCC100054A6B /* ActivityGraphDefinition.swift */; };
		730AE25E1FC732DB00348A63 /* ChartTypeComboBox.swift in Sources */ = {isa = PBXBuildFile; fileRef = 730AE25D1FC732DB00348A63 /* ChartTypeComboBox.swift */; };
		730DB7571FE132F500579A81 /* Metric+Extension.swift in Sources */ = {isa = PBXBuildFile; fileRef = 730DB7561FE132F500579A81 /* Metric+Extension.swift */; };
		731154272046550300C2179E /* EddingtonNumberTABViewController.swift in Sources */ = {isa = PBXBuildFile; fileRef = 731154262046550300C2179E /* EddingtonNumberTABViewController.swift */; };
		731CF8051F981C3300C59AA8 /* RollingSum.swift in Sources */ = {isa = PBXBuildFile; fileRef = 731CF8041F981C3300C59AA8 /* RollingSum.swift */; };
		731CF8071F98467A00C59AA8 /* TSBCalculator.swift in Sources */ = {isa = PBXBuildFile; fileRef = 731CF8061F98467A00C59AA8 /* TSBCalculator.swift */; };
		731FA62B201FD890004EF572 /* ActivityType+Extension.swift in Sources */ = {isa = PBXBuildFile; fileRef = 731FA62A201FD890004EF572 /* ActivityType+Extension.swift */; };
		732103AE1FCFFB570020F365 /* CSVImporter.swift in Sources */ = {isa = PBXBuildFile; fileRef = 732103AD1FCFFB570020F365 /* CSVImporter.swift */; };
		73265B641FB471A00081D3F9 /* WeightHRViewController.swift in Sources */ = {isa = PBXBuildFile; fileRef = 73265B631FB471A00081D3F9 /* WeightHRViewController.swift */; };
		73265B661FB47D240081D3F9 /* Weight+Extension.swift in Sources */ = {isa = PBXBuildFile; fileRef = 73265B651FB47D240081D3F9 /* Weight+Extension.swift */; };
		732807091FACBBF100658833 /* LinkedList.swift in Sources */ = {isa = PBXBuildFile; fileRef = 732807081FACBBF100658833 /* LinkedList.swift */; };
		7328070B1FACBC2900658833 /* Queue.swift in Sources */ = {isa = PBXBuildFile; fileRef = 7328070A1FACBC2900658833 /* Queue.swift */; };
		732EF2141FD0B5E6008768C0 /* RollingPeriodWeightedAverage.swift in Sources */ = {isa = PBXBuildFile; fileRef = 732EF2131FD0B5E6008768C0 /* RollingPeriodWeightedAverage.swift */; };
		732EF2161FD0B60F008768C0 /* ToDateWeightedAverage.swift in Sources */ = {isa = PBXBuildFile; fileRef = 732EF2151FD0B60F008768C0 /* ToDateWeightedAverage.swift */; };
		73339CC820513AF3007CD288 /* EddingtonSplitViewController.swift in Sources */ = {isa = PBXBuildFile; fileRef = 73339CC720513AF3007CD288 /* EddingtonSplitViewController.swift */; };
		73339CCA20513E90007CD288 /* EddingtonTableViewController.swift in Sources */ = {isa = PBXBuildFile; fileRef = 73339CC920513E90007CD288 /* EddingtonTableViewController.swift */; };
		73339CCC20514804007CD288 /* ReferenceToMainProtocol.swift in Sources */ = {isa = PBXBuildFile; fileRef = 73339CCB20514804007CD288 /* ReferenceToMainProtocol.swift */; };
		7333B9F21FB613CA005F424E /* UnitComboBox.swift in Sources */ = {isa = PBXBuildFile; fileRef = 7333B9F11FB613CA005F424E /* UnitComboBox.swift */; };
		7333B9F41FB6E04C005F424E /* WeightsArrayController.swift in Sources */ = {isa = PBXBuildFile; fileRef = 7333B9F31FB6E04C005F424E /* WeightsArrayController.swift */; };
		7333B9F61FB6F199005F424E /* PhysiologicalsArrayController.swift in Sources */ = {isa = PBXBuildFile; fileRef = 7333B9F51FB6F199005F424E /* PhysiologicalsArrayController.swift */; };
		733837D71FD99BDD0082C45B /* TrainingDiaryViewController.swift in Sources */ = {isa = PBXBuildFile; fileRef = 733837D61FD99BDD0082C45B /* TrainingDiaryViewController.swift */; };
		733990C31FB34BD200E80D4A /* PeriodComboBox.swift in Sources */ = {isa = PBXBuildFile; fileRef = 733990C21FB34BD200E80D4A /* PeriodComboBox.swift */; };
		733AA828202930BB0065C8B9 /* PeriodNodeImplementation.swift in Sources */ = {isa = PBXBuildFile; fileRef = 733AA827202930BB0065C8B9 /* PeriodNodeImplementation.swift */; };
		733AA82A202A6E550065C8B9 /* DefaultsViewController.swift in Sources */ = {isa = PBXBuildFile; fileRef = 733AA829202A6E550065C8B9 /* DefaultsViewController.swift */; };
		73444C3F1F96AB9B00B3E84D /* Enumerations.swift in Sources */ = {isa = PBXBuildFile; fileRef = 73444C3E1F96AB9B00B3E84D /* Enumerations.swift */; };
		73475E9D2021CD67002407CB /* TreeNode.swift in Sources */ = {isa = PBXBuildFile; fileRef = 73475E9C2021CD67002407CB /* TreeNode.swift */; };
		734C9C50204BDDE90007F5B1 /* TrainingDiaryViewControllerProtocol.swift in Sources */ = {isa = PBXBuildFile; fileRef = 734C9C4F204BDDE90007F5B1 /* TrainingDiaryViewControllerProtocol.swift */; };
		7355D4B4208FD0AB00C2F430 /* BasicWeekDay+Extension.swift in Sources */ = {isa = PBXBuildFile; fileRef = 7355D4B3208FD0AB00C2F430 /* BasicWeekDay+Extension.swift */; };
		73593314201F7C6F007BB525 /* ActivityToStringTransformer.swift in Sources */ = {isa = PBXBuildFile; fileRef = 73593313201F7C6F007BB525 /* ActivityToStringTransformer.swift */; };
		7359C17F204C5D8C00A09B61 /* DaysInputViewController.swift in Sources */ = {isa = PBXBuildFile; fileRef = 7359C17E204C5D8C00A09B61 /* DaysInputViewController.swift */; };
		7359C183204CFB7700A09B61 /* DaysSplitViewController.swift in Sources */ = {isa = PBXBuildFile; fileRef = 7359C182204CFB7700A09B61 /* DaysSplitViewController.swift */; };
		735E0AAE202D47B20089C2CD /* Maths.swift in Sources */ = {isa = PBXBuildFile; fileRef = 735E0AAD202D47B20089C2CD /* Maths.swift */; };
		735E8261208E3C7C00081C5D /* PlanOutputViewController.swift in Sources */ = {isa = PBXBuildFile; fileRef = 735E8260208E3C7C00081C5D /* PlanOutputViewController.swift */; };
		735F47AE206BAAEC00962F99 /* CompareGraphTableViewController.swift in Sources */ = {isa = PBXBuildFile; fileRef = 735F47AD206BAAEC00962F99 /* CompareGraphTableViewController.swift */; };
		735F47B0206BC91600962F99 /* CompareGraphSplitViewController.swift in Sources */ = {isa = PBXBuildFile; fileRef = 735F47AF206BC91600962F99 /* CompareGraphSplitViewController.swift */; };
		73641578201C7207009D5817 /* Activity+Extension.swift in Sources */ = {isa = PBXBuildFile; fileRef = 73641577201C7207009D5817 /* Activity+Extension.swift */; };
		7364157A201C8FF5009D5817 /* TrainingDiaryValues.swift in Sources */ = {isa = PBXBuildFile; fileRef = 73641579201C8FF5009D5817 /* TrainingDiaryValues.swift */; };
		7369D9EE1FB23DBC00ECAA1E /* DayTypeComboBox.swift in Sources */ = {isa = PBXBuildFile; fileRef = 7369D9ED1FB23DBC00ECAA1E /* DayTypeComboBox.swift */; };
		7369D9F01FB24EEE00ECAA1E /* BikeComboBox.swift in Sources */ = {isa = PBXBuildFile; fileRef = 7369D9EF1FB24EEE00ECAA1E /* BikeComboBox.swift */; };
		7369D9F21FB24F2B00ECAA1E /* ActivityComboBox.swift in Sources */ = {isa = PBXBuildFile; fileRef = 7369D9F11FB24F2B00ECAA1E /* ActivityComboBox.swift */; };
		7369D9F41FB24F5000ECAA1E /* ActivityTypeComboBox.swift in Sources */ = {isa = PBXBuildFile; fileRef = 7369D9F31FB24F5000ECAA1E /* ActivityTypeComboBox.swift */; };
		7369D9F61FB24F8C00ECAA1E /* TSSMethodComboBox.swift in Sources */ = {isa = PBXBuildFile; fileRef = 7369D9F51FB24F8C00ECAA1E /* TSSMethodComboBox.swift */; };
		7369D9F81FB25B7600ECAA1E /* SleepQualityComboBox.swift in Sources */ = {isa = PBXBuildFile; fileRef = 7369D9F71FB25B7600ECAA1E /* SleepQualityComboBox.swift */; };
		7369D9FA1FB2C97400ECAA1E /* TrainingDiary+Extension.swift in Sources */ = {isa = PBXBuildFile; fileRef = 7369D9F91FB2C97400ECAA1E /* TrainingDiary+Extension.swift */; };
		73789C8E2010CE61002D2393 /* CSVExporter.swift in Sources */ = {isa = PBXBuildFile; fileRef = 73789C8D2010CE61002D2393 /* CSVExporter.swift */; };
		73789C9020123C69002D2393 /* PeriodTextField.swift in Sources */ = {isa = PBXBuildFile; fileRef = 73789C8F20123C69002D2393 /* PeriodTextField.swift */; };
		7385C4791FAA600A00F48685 /* DaysViewController.swift in Sources */ = {isa = PBXBuildFile; fileRef = 7385C4781FAA600A00F48685 /* DaysViewController.swift */; };
		738ED877204D749A006187A1 /* WorkoutsInputViewController.swift in Sources */ = {isa = PBXBuildFile; fileRef = 738ED876204D749A006187A1 /* WorkoutsInputViewController.swift */; };
		73920AB31FC8D2CB00A9686F /* AxisComboBox.swift in Sources */ = {isa = PBXBuildFile; fileRef = 73920AB21FC8D2CA00A9686F /* AxisComboBox.swift */; };
		739E2876205415DA0058E06D /* TrainingDiaryArrayController.swift in Sources */ = {isa = PBXBuildFile; fileRef = 739E2875205415DA0058E06D /* TrainingDiaryArrayController.swift */; };
		73A06B05204D594A0088BD09 /* WorkoutSplitViewController.swift in Sources */ = {isa = PBXBuildFile; fileRef = 73A06B04204D594A0088BD09 /* WorkoutSplitViewController.swift */; };
		73A620C62084E7A200679CE9 /* TSBGraphSplitViewController.swift in Sources */ = {isa = PBXBuildFile; fileRef = 73A620C52084E7A200679CE9 /* TSBGraphSplitViewController.swift */; };
		73A620C82084E7F700679CE9 /* TSBGraphViewController.swift in Sources */ = {isa = PBXBuildFile; fileRef = 73A620C72084E7F700679CE9 /* TSBGraphViewController.swift */; };
		73A620CA2084F44A00679CE9 /* TSBSelectorsViewController.swift in Sources */ = {isa = PBXBuildFile; fileRef = 73A620C92084F44A00679CE9 /* TSBSelectorsViewController.swift */; };
		73A90F9A208648CC00EF336F /* CalculatorViewController.swift in Sources */ = {isa = PBXBuildFile; fileRef = 73A90F99208648CC00EF336F /* CalculatorViewController.swift */; };
		73AA63FB2052BCF70044A05F /* PhysioLogical+Extension.swift in Sources */ = {isa = PBXBuildFile; fileRef = 73AA63FA2052BCF70044A05F /* PhysioLogical+Extension.swift */; };
		73AB477C202354CF0093B8A4 /* EddingtonHistory+Extension.swift in Sources */ = {isa = PBXBuildFile; fileRef = 73AB477B202354CF0093B8A4 /* EddingtonHistory+Extension.swift */; };
		73AF13FF1FB064D2002A1B9E /* RollingSumQueue.swift in Sources */ = {isa = PBXBuildFile; fileRef = 73AF13FE1FB064D2002A1B9E /* RollingSumQueue.swift */; };
		73AF79AB2025CA0C0067CE37 /* GMTDatePicker.swift in Sources */ = {isa = PBXBuildFile; fileRef = 73AF79AA2025CA0C0067CE37 /* GMTDatePicker.swift */; };
		73AF79AD2025CF2E0067CE37 /* OutLineViewWithColumnSort.swift in Sources */ = {isa = PBXBuildFile; fileRef = 73AF79AC2025CF2E0067CE37 /* OutLineViewWithColumnSort.swift */; };
		73B2B9E31F894CC00044DD4E /* AppDelegate.swift in Sources */ = {isa = PBXBuildFile; fileRef = 73B2B9E21F894CC00044DD4E /* AppDelegate.swift */; };
		73B2B9E51F894CC00044DD4E /* ViewController.swift in Sources */ = {isa = PBXBuildFile; fileRef = 73B2B9E41F894CC00044DD4E /* ViewController.swift */; };
		73B2B9E81F894CC00044DD4E /* Training_Diary.xcdatamodeld in Sources */ = {isa = PBXBuildFile; fileRef = 73B2B9E61F894CC00044DD4E /* Training_Diary.xcdatamodeld */; };
		73B2B9EA1F894CC00044DD4E /* Assets.xcassets in Resources */ = {isa = PBXBuildFile; fileRef = 73B2B9E91F894CC00044DD4E /* Assets.xcassets */; };
		73B2B9ED1F894CC00044DD4E /* Main.storyboard in Resources */ = {isa = PBXBuildFile; fileRef = 73B2B9EB1F894CC00044DD4E /* Main.storyboard */; };
		73B2B9F81F894E870044DD4E /* CoreDataStackSingleton.swift in Sources */ = {isa = PBXBuildFile; fileRef = 73B2B9F71F894E870044DD4E /* CoreDataStackSingleton.swift */; };
		73B2B9FC1F896F920044DD4E /* TransformerNSNumberToTimeFormat.swift in Sources */ = {isa = PBXBuildFile; fileRef = 73B2B9FB1F896F920044DD4E /* TransformerNSNumberToTimeFormat.swift */; };
		73B2BA001F898BF30044DD4E /* Workout+Extension.swift in Sources */ = {isa = PBXBuildFile; fileRef = 73B2B9FF1F898BF30044DD4E /* Workout+Extension.swift */; };
		73B2BA021F898C060044DD4E /* Day+Extension.swift in Sources */ = {isa = PBXBuildFile; fileRef = 73B2BA011F898C060044DD4E /* Day+Extension.swift */; };
		73B3188D1FAB78D000B75550 /* String+Extension.swift in Sources */ = {isa = PBXBuildFile; fileRef = 73B3188C1FAB78D000B75550 /* String+Extension.swift */; };
		73B5644420260B6E0022E80A /* LTDEddingtonNumber+Extension.swift in Sources */ = {isa = PBXBuildFile; fileRef = 73B5644320260B6E0022E80A /* LTDEddingtonNumber+Extension.swift */; };
		73B95EA02074D36200976849 /* TSBConstant+Extension.swift in Sources */ = {isa = PBXBuildFile; fileRef = 73B95E9F2074D36200976849 /* TSBConstant+Extension.swift */; };
		73B9FCBB2006A4EF00C57D25 /* GraphDefinition.swift in Sources */ = {isa = PBXBuildFile; fileRef = 73B9FCBA2006A4EF00C57D25 /* GraphDefinition.swift */; };
		73B9FCBD200B703600C57D25 /* AllBikesComboBox.swift in Sources */ = {isa = PBXBuildFile; fileRef = 73B9FCBC200B703600C57D25 /* AllBikesComboBox.swift */; };
		73BBE74C2085E4AD0033EAA6 /* WorkoutPredicateViewController.swift in Sources */ = {isa = PBXBuildFile; fileRef = 73BBE74B2085E4AD0033EAA6 /* WorkoutPredicateViewController.swift */; };
		73BD2F64203E489000377CCE /* GMTDateFormatter.swift in Sources */ = {isa = PBXBuildFile; fileRef = 73BD2F63203E489000377CCE /* GMTDateFormatter.swift */; };
		73BE9F52208E0F5F00CD03B8 /* PlanDay+Extension.swift in Sources */ = {isa = PBXBuildFile; fileRef = 73BE9F51208E0F5F00CD03B8 /* PlanDay+Extension.swift */; };
		73C13FB52049408100199D47 /* TrainingDiaryTabViewControler.swift in Sources */ = {isa = PBXBuildFile; fileRef = 73C13FB32049408100199D47 /* TrainingDiaryTabViewControler.swift */; };
		73C13FB920495DF400199D47 /* DayTreeViewController.swift in Sources */ = {isa = PBXBuildFile; fileRef = 73C13FB720495DF400199D47 /* DayTreeViewController.swift */; };
		73C13FBC2049DC5400199D47 /* WorkoutsViewController.swift in Sources */ = {isa = PBXBuildFile; fileRef = 73C13FBB2049DC5400199D47 /* WorkoutsViewController.swift */; };
		73C2E4951FD7B29800C30316 /* GraphArrayController.swift in Sources */ = {isa = PBXBuildFile; fileRef = 73C2E4941FD7B29800C30316 /* GraphArrayController.swift */; };
		73C2E4991FD8967900C30316 /* GraphManagementDelegate.swift in Sources */ = {isa = PBXBuildFile; fileRef = 73C2E4981FD8967900C30316 /* GraphManagementDelegate.swift */; };
		73C2F03E20206E480073323D /* Equipment+Extension.swift in Sources */ = {isa = PBXBuildFile; fileRef = 73C2F03D20206E480073323D /* Equipment+Extension.swift */; };
		73C3B37D1F97AC1400ED6108 /* EddingtonNumberCalculator.swift in Sources */ = {isa = PBXBuildFile; fileRef = 73C3B37C1F97AC1400ED6108 /* EddingtonNumberCalculator.swift */; };
		73C3B37F1F97DC5A00ED6108 /* Date+Extension.swift in Sources */ = {isa = PBXBuildFile; fileRef = 73C3B37E1F97DC5A00ED6108 /* Date+Extension.swift */; };
		73C56FE62045D0BD00E05AA3 /* EddingtonSearchViewController.swift in Sources */ = {isa = PBXBuildFile; fileRef = 73C56FE52045D0BD00E05AA3 /* EddingtonSearchViewController.swift */; };
		73C58CA71FA8EFD200F57BAE /* EddingtonNumber+Extension.swift in Sources */ = {isa = PBXBuildFile; fileRef = 73C58CA61FA8EFD200F57BAE /* EddingtonNumber+Extension.swift */; };
		73C5D1F3205406C1005C460D /* JSONExporter.swift in Sources */ = {isa = PBXBuildFile; fileRef = 73C5D1F2205406C1005C460D /* JSONExporter.swift */; };
		73C65C5920516ABC00A3FBC3 /* EddingtonContributorsViewController.swift in Sources */ = {isa = PBXBuildFile; fileRef = 73C65C5820516ABC00A3FBC3 /* EddingtonContributorsViewController.swift */; };
		73C65C5B20517C1400A3FBC3 /* EddingtonTreeViewController.swift in Sources */ = {isa = PBXBuildFile; fileRef = 73C65C5A20517C1400A3FBC3 /* EddingtonTreeViewController.swift */; };
		73C65C5D20518B4300A3FBC3 /* EddingtonGraphViewController.swift in Sources */ = {isa = PBXBuildFile; fileRef = 73C65C5C20518B4300A3FBC3 /* EddingtonGraphViewController.swift */; };
		73CAFEAA20292284003E4D6B /* PeriodNode.swift in Sources */ = {isa = PBXBuildFile; fileRef = 73CAFEA920292284003E4D6B /* PeriodNode.swift */; };
		73CFDB82208CA00500534553 /* Plan+Extension.swift in Sources */ = {isa = PBXBuildFile; fileRef = 73CFDB81208CA00500534553 /* Plan+Extension.swift */; };
		73CFDB84208CA27900534553 /* PlanGraphViewController.swift in Sources */ = {isa = PBXBuildFile; fileRef = 73CFDB83208CA27900534553 /* PlanGraphViewController.swift */; };
		73D3171D2018BEA90070C40B /* TextViewToStringTransformer.swift in Sources */ = {isa = PBXBuildFile; fileRef = 73D3171C2018BEA90070C40B /* TextViewToStringTransformer.swift */; };
		73D3738720176FD600E44427 /* BikeGraphs.swift in Sources */ = {isa = PBXBuildFile; fileRef = 73D3738620176FD600E44427 /* BikeGraphs.swift */; };
		73D6CC711FC80A75006830DA /* GraphFormat.swift in Sources */ = {isa = PBXBuildFile; fileRef = 73D6CC701FC80A75006830DA /* GraphFormat.swift */; };
		73D6CC771FC86CBE006830DA /* RollingPeriodSum.swift in Sources */ = {isa = PBXBuildFile; fileRef = 73D6CC761FC86CBE006830DA /* RollingPeriodSum.swift */; };
		73D6CC791FC86E5D006830DA /* ToDateSum.swift in Sources */ = {isa = PBXBuildFile; fileRef = 73D6CC781FC86E5D006830DA /* ToDateSum.swift */; };
		73D89F981FD15F39002F07A2 /* PeriodSum.swift in Sources */ = {isa = PBXBuildFile; fileRef = 73D89F971FD15F39002F07A2 /* PeriodSum.swift */; };
		73D89F9A1FD15FEB002F07A2 /* PeriodWeightedAverage.swift in Sources */ = {isa = PBXBuildFile; fileRef = 73D89F991FD15FEB002F07A2 /* PeriodWeightedAverage.swift */; };
		73D89F9C1FD1BB03002F07A2 /* CompareGraphViewController.swift in Sources */ = {isa = PBXBuildFile; fileRef = 73D89F9B1FD1BB03002F07A2 /* CompareGraphViewController.swift */; };
		73D89FA01FD1E241002F07A2 /* DatedActivityGraphDefinition.swift in Sources */ = {isa = PBXBuildFile; fileRef = 73D89F9F1FD1E241002F07A2 /* DatedActivityGraphDefinition.swift */; };
		73D9191A208BB15900211302 /* PlanBasicWeekViewController.swift in Sources */ = {isa = PBXBuildFile; fileRef = 73D91919208BB15900211302 /* PlanBasicWeekViewController.swift */; };
		73DC9B111FDC373700D4774A /* NumberToDetailedTimeTransformer.swift in Sources */ = {isa = PBXBuildFile; fileRef = 73DC9B101FDC373700D4774A /* NumberToDetailedTimeTransformer.swift */; };
		73DC9B131FDC39B500D4774A /* NumberToSummaryTimeFormatter.swift in Sources */ = {isa = PBXBuildFile; fileRef = 73DC9B121FDC39B500D4774A /* NumberToSummaryTimeFormatter.swift */; };
		73DE3E2A206BF4450029EF14 /* GraphSplitViewController.swift in Sources */ = {isa = PBXBuildFile; fileRef = 73DE3E29206BF4450029EF14 /* GraphSplitViewController.swift */; };
		73DE3E2C206BF4A10029EF14 /* GraphListViewController.swift in Sources */ = {isa = PBXBuildFile; fileRef = 73DE3E2B206BF4A10029EF14 /* GraphListViewController.swift */; };
		73E25E191FBEA9150081FC62 /* GraphView.swift in Sources */ = {isa = PBXBuildFile; fileRef = 73E25E181FBEA9150081FC62 /* GraphView.swift */; };
		73E25E1B1FC038FC0081FC62 /* GraphViewController.swift in Sources */ = {isa = PBXBuildFile; fileRef = 73E25E1A1FC038FC0081FC62 /* GraphViewController.swift */; };
		73E3C6DE208B1F2100B39235 /* PlanningSplitViewController.swift in Sources */ = {isa = PBXBuildFile; fileRef = 73E3C6DD208B1F2100B39235 /* PlanningSplitViewController.swift */; };
		73E3C6E0208B214800B39235 /* PlansArrayController.swift in Sources */ = {isa = PBXBuildFile; fileRef = 73E3C6DF208B214800B39235 /* PlansArrayController.swift */; };
		73E3C6E2208B229D00B39235 /* PlansTableViewController.swift in Sources */ = {isa = PBXBuildFile; fileRef = 73E3C6E1208B229D00B39235 /* PlansTableViewController.swift */; };
		73E582631F8A12A500B6E25D /* DaysArrayController.swift in Sources */ = {isa = PBXBuildFile; fileRef = 73E582621F8A12A500B6E25D /* DaysArrayController.swift */; };
		73E6A3ED20524F4600551C85 /* CategoryProtocol.swift in Sources */ = {isa = PBXBuildFile; fileRef = 73E6A3EC20524F4600551C85 /* CategoryProtocol.swift */; };
		73E7FD382015FA2900D1FCD4 /* BikeViewController.swift in Sources */ = {isa = PBXBuildFile; fileRef = 73E7FD372015FA2900D1FCD4 /* BikeViewController.swift */; };
		73EBA47F208346EB00426626 /* ActivityGraphViewController.swift in Sources */ = {isa = PBXBuildFile; fileRef = 73EBA47E208346EB00426626 /* ActivityGraphViewController.swift */; };
		73EBA4812083495600426626 /* TSBConstantsViewController.swift in Sources */ = {isa = PBXBuildFile; fileRef = 73EBA4802083495600426626 /* TSBConstantsViewController.swift */; };
		73EBA4832083642D00426626 /* TSConstantsSplitViewController.swift in Sources */ = {isa = PBXBuildFile; fileRef = 73EBA4822083642D00426626 /* TSConstantsSplitViewController.swift */; };
		73F2119F1FB4A06900062DAE /* JSONImporter.swift in Sources */ = {isa = PBXBuildFile; fileRef = 73F2119E1FB4A06900062DAE /* JSONImporter.swift */; };
		73F270621FAB0CC400D36156 /* TableViewWithColumnSort.swift in Sources */ = {isa = PBXBuildFile; fileRef = 73F270611FAB0CC400D36156 /* TableViewWithColumnSort.swift */; };
		73F7097A204C38160022EC04 /* TrainingDiarySplitViewController.swift in Sources */ = {isa = PBXBuildFile; fileRef = 73F70979204C38160022EC04 /* TrainingDiarySplitViewController.swift */; };
		73F9A3B3204EF584000DEECE /* DaysPredicatorEditorViewController.swift in Sources */ = {isa = PBXBuildFile; fileRef = 73F9A3B2204EF584000DEECE /* DaysPredicatorEditorViewController.swift */; };
		73FC61DF200E19A000C61DE6 /* filteringTable.html in Resources */ = {isa = PBXBuildFile; fileRef = 73FC61DE200E19A000C61DE6 /* filteringTable.html */; };
		73FC61E1200E1D1900C61DE6 /* tableStart.txt in Resources */ = {isa = PBXBuildFile; fileRef = 73FC61E0200E1D1900C61DE6 /* tableStart.txt */; };
		73FC61E3200E1D5200C61DE6 /* tableEnd.txt in Resources */ = {isa = PBXBuildFile; fileRef = 73FC61E2200E1D5200C61DE6 /* tableEnd.txt */; };
		73FC61E5200E26AA00C61DE6 /* LTDEddingtonNumberWebViewController.swift in Sources */ = {isa = PBXBuildFile; fileRef = 73FC61E4200E26AA00C61DE6 /* LTDEddingtonNumberWebViewController.swift */; };
/* End PBXBuildFile section */

/* Begin PBXFileReference section */
		7309AED51FC6CCC100054A6B /* ActivityGraphDefinition.swift */ = {isa = PBXFileReference; lastKnownFileType = sourcecode.swift; path = ActivityGraphDefinition.swift; sourceTree = "<group>"; };
		730AE25D1FC732DB00348A63 /* ChartTypeComboBox.swift */ = {isa = PBXFileReference; lastKnownFileType = sourcecode.swift; path = ChartTypeComboBox.swift; sourceTree = "<group>"; };
		730DB7561FE132F500579A81 /* Metric+Extension.swift */ = {isa = PBXFileReference; lastKnownFileType = sourcecode.swift; path = "Metric+Extension.swift"; sourceTree = "<group>"; };
		731154262046550300C2179E /* EddingtonNumberTABViewController.swift */ = {isa = PBXFileReference; lastKnownFileType = sourcecode.swift; path = EddingtonNumberTABViewController.swift; sourceTree = "<group>"; };
		731CF8041F981C3300C59AA8 /* RollingSum.swift */ = {isa = PBXFileReference; lastKnownFileType = sourcecode.swift; path = RollingSum.swift; sourceTree = "<group>"; };
		731CF8061F98467A00C59AA8 /* TSBCalculator.swift */ = {isa = PBXFileReference; lastKnownFileType = sourcecode.swift; path = TSBCalculator.swift; sourceTree = "<group>"; };
		731FA62A201FD890004EF572 /* ActivityType+Extension.swift */ = {isa = PBXFileReference; lastKnownFileType = sourcecode.swift; path = "ActivityType+Extension.swift"; sourceTree = "<group>"; };
		732103AD1FCFFB570020F365 /* CSVImporter.swift */ = {isa = PBXFileReference; lastKnownFileType = sourcecode.swift; path = CSVImporter.swift; sourceTree = "<group>"; };
		73265B631FB471A00081D3F9 /* WeightHRViewController.swift */ = {isa = PBXFileReference; lastKnownFileType = sourcecode.swift; path = WeightHRViewController.swift; sourceTree = "<group>"; };
		73265B651FB47D240081D3F9 /* Weight+Extension.swift */ = {isa = PBXFileReference; lastKnownFileType = sourcecode.swift; path = "Weight+Extension.swift"; sourceTree = "<group>"; };
		732807081FACBBF100658833 /* LinkedList.swift */ = {isa = PBXFileReference; lastKnownFileType = sourcecode.swift; path = LinkedList.swift; sourceTree = "<group>"; };
		7328070A1FACBC2900658833 /* Queue.swift */ = {isa = PBXFileReference; lastKnownFileType = sourcecode.swift; path = Queue.swift; sourceTree = "<group>"; };
		732EF2131FD0B5E6008768C0 /* RollingPeriodWeightedAverage.swift */ = {isa = PBXFileReference; lastKnownFileType = sourcecode.swift; path = RollingPeriodWeightedAverage.swift; sourceTree = "<group>"; };
		732EF2151FD0B60F008768C0 /* ToDateWeightedAverage.swift */ = {isa = PBXFileReference; lastKnownFileType = sourcecode.swift; path = ToDateWeightedAverage.swift; sourceTree = "<group>"; };
		73339CC720513AF3007CD288 /* EddingtonSplitViewController.swift */ = {isa = PBXFileReference; lastKnownFileType = sourcecode.swift; path = EddingtonSplitViewController.swift; sourceTree = "<group>"; };
		73339CC920513E90007CD288 /* EddingtonTableViewController.swift */ = {isa = PBXFileReference; lastKnownFileType = sourcecode.swift; path = EddingtonTableViewController.swift; sourceTree = "<group>"; };
		73339CCB20514804007CD288 /* ReferenceToMainProtocol.swift */ = {isa = PBXFileReference; lastKnownFileType = sourcecode.swift; path = ReferenceToMainProtocol.swift; sourceTree = "<group>"; };
		7333B9F11FB613CA005F424E /* UnitComboBox.swift */ = {isa = PBXFileReference; lastKnownFileType = sourcecode.swift; path = UnitComboBox.swift; sourceTree = "<group>"; };
		7333B9F31FB6E04C005F424E /* WeightsArrayController.swift */ = {isa = PBXFileReference; lastKnownFileType = sourcecode.swift; path = WeightsArrayController.swift; sourceTree = "<group>"; };
		7333B9F51FB6F199005F424E /* PhysiologicalsArrayController.swift */ = {isa = PBXFileReference; lastKnownFileType = sourcecode.swift; path = PhysiologicalsArrayController.swift; sourceTree = "<group>"; };
		733837D61FD99BDD0082C45B /* TrainingDiaryViewController.swift */ = {isa = PBXFileReference; lastKnownFileType = sourcecode.swift; path = TrainingDiaryViewController.swift; sourceTree = "<group>"; };
		733990C21FB34BD200E80D4A /* PeriodComboBox.swift */ = {isa = PBXFileReference; lastKnownFileType = sourcecode.swift; path = PeriodComboBox.swift; sourceTree = "<group>"; };
		733AA827202930BB0065C8B9 /* PeriodNodeImplementation.swift */ = {isa = PBXFileReference; lastKnownFileType = sourcecode.swift; path = PeriodNodeImplementation.swift; sourceTree = "<group>"; };
		733AA829202A6E550065C8B9 /* DefaultsViewController.swift */ = {isa = PBXFileReference; lastKnownFileType = sourcecode.swift; path = DefaultsViewController.swift; sourceTree = "<group>"; };
		73444C3E1F96AB9B00B3E84D /* Enumerations.swift */ = {isa = PBXFileReference; lastKnownFileType = sourcecode.swift; path = Enumerations.swift; sourceTree = "<group>"; };
		73475E9C2021CD67002407CB /* TreeNode.swift */ = {isa = PBXFileReference; lastKnownFileType = sourcecode.swift; path = TreeNode.swift; sourceTree = "<group>"; };
		734C9C4F204BDDE90007F5B1 /* TrainingDiaryViewControllerProtocol.swift */ = {isa = PBXFileReference; lastKnownFileType = sourcecode.swift; path = TrainingDiaryViewControllerProtocol.swift; sourceTree = "<group>"; };
		7355D4B3208FD0AB00C2F430 /* BasicWeekDay+Extension.swift */ = {isa = PBXFileReference; lastKnownFileType = sourcecode.swift; path = "BasicWeekDay+Extension.swift"; sourceTree = "<group>"; };
		73593313201F7C6F007BB525 /* ActivityToStringTransformer.swift */ = {isa = PBXFileReference; lastKnownFileType = sourcecode.swift; path = ActivityToStringTransformer.swift; sourceTree = "<group>"; };
		7359C17E204C5D8C00A09B61 /* DaysInputViewController.swift */ = {isa = PBXFileReference; lastKnownFileType = sourcecode.swift; path = DaysInputViewController.swift; sourceTree = "<group>"; };
		7359C182204CFB7700A09B61 /* DaysSplitViewController.swift */ = {isa = PBXFileReference; lastKnownFileType = sourcecode.swift; path = DaysSplitViewController.swift; sourceTree = "<group>"; };
		735E0AAD202D47B20089C2CD /* Maths.swift */ = {isa = PBXFileReference; lastKnownFileType = sourcecode.swift; path = Maths.swift; sourceTree = "<group>"; };
		735E8260208E3C7C00081C5D /* PlanOutputViewController.swift */ = {isa = PBXFileReference; lastKnownFileType = sourcecode.swift; path = PlanOutputViewController.swift; sourceTree = "<group>"; };
		735F47AD206BAAEC00962F99 /* CompareGraphTableViewController.swift */ = {isa = PBXFileReference; lastKnownFileType = sourcecode.swift; path = CompareGraphTableViewController.swift; sourceTree = "<group>"; };
		735F47AF206BC91600962F99 /* CompareGraphSplitViewController.swift */ = {isa = PBXFileReference; lastKnownFileType = sourcecode.swift; path = CompareGraphSplitViewController.swift; sourceTree = "<group>"; };
		73641577201C7207009D5817 /* Activity+Extension.swift */ = {isa = PBXFileReference; lastKnownFileType = sourcecode.swift; path = "Activity+Extension.swift"; sourceTree = "<group>"; };
		73641579201C8FF5009D5817 /* TrainingDiaryValues.swift */ = {isa = PBXFileReference; lastKnownFileType = sourcecode.swift; path = TrainingDiaryValues.swift; sourceTree = "<group>"; };
		7369D9ED1FB23DBC00ECAA1E /* DayTypeComboBox.swift */ = {isa = PBXFileReference; lastKnownFileType = sourcecode.swift; path = DayTypeComboBox.swift; sourceTree = "<group>"; };
		7369D9EF1FB24EEE00ECAA1E /* BikeComboBox.swift */ = {isa = PBXFileReference; lastKnownFileType = sourcecode.swift; path = BikeComboBox.swift; sourceTree = "<group>"; };
		7369D9F11FB24F2B00ECAA1E /* ActivityComboBox.swift */ = {isa = PBXFileReference; lastKnownFileType = sourcecode.swift; path = ActivityComboBox.swift; sourceTree = "<group>"; };
		7369D9F31FB24F5000ECAA1E /* ActivityTypeComboBox.swift */ = {isa = PBXFileReference; lastKnownFileType = sourcecode.swift; path = ActivityTypeComboBox.swift; sourceTree = "<group>"; };
		7369D9F51FB24F8C00ECAA1E /* TSSMethodComboBox.swift */ = {isa = PBXFileReference; lastKnownFileType = sourcecode.swift; path = TSSMethodComboBox.swift; sourceTree = "<group>"; };
		7369D9F71FB25B7600ECAA1E /* SleepQualityComboBox.swift */ = {isa = PBXFileReference; lastKnownFileType = sourcecode.swift; path = SleepQualityComboBox.swift; sourceTree = "<group>"; };
		7369D9F91FB2C97400ECAA1E /* TrainingDiary+Extension.swift */ = {isa = PBXFileReference; lastKnownFileType = sourcecode.swift; path = "TrainingDiary+Extension.swift"; sourceTree = "<group>"; };
		73789C8D2010CE61002D2393 /* CSVExporter.swift */ = {isa = PBXFileReference; lastKnownFileType = sourcecode.swift; path = CSVExporter.swift; sourceTree = "<group>"; };
		73789C8F20123C69002D2393 /* PeriodTextField.swift */ = {isa = PBXFileReference; lastKnownFileType = sourcecode.swift; path = PeriodTextField.swift; sourceTree = "<group>"; };
		7385C4781FAA600A00F48685 /* DaysViewController.swift */ = {isa = PBXFileReference; lastKnownFileType = sourcecode.swift; path = DaysViewController.swift; sourceTree = "<group>"; };
		738ED876204D749A006187A1 /* WorkoutsInputViewController.swift */ = {isa = PBXFileReference; lastKnownFileType = sourcecode.swift; path = WorkoutsInputViewController.swift; sourceTree = "<group>"; };
		73920AB21FC8D2CA00A9686F /* AxisComboBox.swift */ = {isa = PBXFileReference; fileEncoding = 4; lastKnownFileType = sourcecode.swift; path = AxisComboBox.swift; sourceTree = "<group>"; };
		739E2875205415DA0058E06D /* TrainingDiaryArrayController.swift */ = {isa = PBXFileReference; lastKnownFileType = sourcecode.swift; path = TrainingDiaryArrayController.swift; sourceTree = "<group>"; };
		73A06B04204D594A0088BD09 /* WorkoutSplitViewController.swift */ = {isa = PBXFileReference; lastKnownFileType = sourcecode.swift; path = WorkoutSplitViewController.swift; sourceTree = "<group>"; };
		73A620C52084E7A200679CE9 /* TSBGraphSplitViewController.swift */ = {isa = PBXFileReference; lastKnownFileType = sourcecode.swift; path = TSBGraphSplitViewController.swift; sourceTree = "<group>"; };
		73A620C72084E7F700679CE9 /* TSBGraphViewController.swift */ = {isa = PBXFileReference; lastKnownFileType = sourcecode.swift; path = TSBGraphViewController.swift; sourceTree = "<group>"; };
		73A620C92084F44A00679CE9 /* TSBSelectorsViewController.swift */ = {isa = PBXFileReference; lastKnownFileType = sourcecode.swift; path = TSBSelectorsViewController.swift; sourceTree = "<group>"; };
		73A90F99208648CC00EF336F /* CalculatorViewController.swift */ = {isa = PBXFileReference; lastKnownFileType = sourcecode.swift; path = CalculatorViewController.swift; sourceTree = "<group>"; };
		73AA63FA2052BCF70044A05F /* PhysioLogical+Extension.swift */ = {isa = PBXFileReference; lastKnownFileType = sourcecode.swift; path = "PhysioLogical+Extension.swift"; sourceTree = "<group>"; };
		73AB477B202354CF0093B8A4 /* EddingtonHistory+Extension.swift */ = {isa = PBXFileReference; lastKnownFileType = sourcecode.swift; path = "EddingtonHistory+Extension.swift"; sourceTree = "<group>"; };
		73AF13FE1FB064D2002A1B9E /* RollingSumQueue.swift */ = {isa = PBXFileReference; lastKnownFileType = sourcecode.swift; path = RollingSumQueue.swift; sourceTree = "<group>"; };
		73AF79AA2025CA0C0067CE37 /* GMTDatePicker.swift */ = {isa = PBXFileReference; lastKnownFileType = sourcecode.swift; path = GMTDatePicker.swift; sourceTree = "<group>"; };
		73AF79AC2025CF2E0067CE37 /* OutLineViewWithColumnSort.swift */ = {isa = PBXFileReference; lastKnownFileType = sourcecode.swift; path = OutLineViewWithColumnSort.swift; sourceTree = "<group>"; };
		73B2B9DF1F894CC00044DD4E /* Training Diary.app */ = {isa = PBXFileReference; explicitFileType = wrapper.application; includeInIndex = 0; path = "Training Diary.app"; sourceTree = BUILT_PRODUCTS_DIR; };
		73B2B9E21F894CC00044DD4E /* AppDelegate.swift */ = {isa = PBXFileReference; lastKnownFileType = sourcecode.swift; path = AppDelegate.swift; sourceTree = "<group>"; };
		73B2B9E41F894CC00044DD4E /* ViewController.swift */ = {isa = PBXFileReference; lastKnownFileType = sourcecode.swift; path = ViewController.swift; sourceTree = "<group>"; };
		73B2B9E71F894CC00044DD4E /* Training_Diary.xcdatamodel */ = {isa = PBXFileReference; lastKnownFileType = wrapper.xcdatamodel; path = Training_Diary.xcdatamodel; sourceTree = "<group>"; };
		73B2B9E91F894CC00044DD4E /* Assets.xcassets */ = {isa = PBXFileReference; lastKnownFileType = folder.assetcatalog; path = Assets.xcassets; sourceTree = "<group>"; };
		73B2B9EC1F894CC00044DD4E /* Base */ = {isa = PBXFileReference; lastKnownFileType = file.storyboard; name = Base; path = Base.lproj/Main.storyboard; sourceTree = "<group>"; };
		73B2B9EE1F894CC00044DD4E /* Info.plist */ = {isa = PBXFileReference; lastKnownFileType = text.plist.xml; path = Info.plist; sourceTree = "<group>"; };
		73B2B9EF1F894CC00044DD4E /* Training_Diary.entitlements */ = {isa = PBXFileReference; lastKnownFileType = text.plist.entitlements; path = Training_Diary.entitlements; sourceTree = "<group>"; };
		73B2B9F71F894E870044DD4E /* CoreDataStackSingleton.swift */ = {isa = PBXFileReference; lastKnownFileType = sourcecode.swift; path = CoreDataStackSingleton.swift; sourceTree = "<group>"; };
		73B2B9FB1F896F920044DD4E /* TransformerNSNumberToTimeFormat.swift */ = {isa = PBXFileReference; lastKnownFileType = sourcecode.swift; path = TransformerNSNumberToTimeFormat.swift; sourceTree = "<group>"; };
		73B2B9FF1F898BF30044DD4E /* Workout+Extension.swift */ = {isa = PBXFileReference; lastKnownFileType = sourcecode.swift; path = "Workout+Extension.swift"; sourceTree = "<group>"; };
		73B2BA011F898C060044DD4E /* Day+Extension.swift */ = {isa = PBXFileReference; lastKnownFileType = sourcecode.swift; path = "Day+Extension.swift"; sourceTree = "<group>"; };
		73B3188C1FAB78D000B75550 /* String+Extension.swift */ = {isa = PBXFileReference; lastKnownFileType = sourcecode.swift; path = "String+Extension.swift"; sourceTree = "<group>"; };
		73B5644320260B6E0022E80A /* LTDEddingtonNumber+Extension.swift */ = {isa = PBXFileReference; lastKnownFileType = sourcecode.swift; path = "LTDEddingtonNumber+Extension.swift"; sourceTree = "<group>"; };
		73B95E9F2074D36200976849 /* TSBConstant+Extension.swift */ = {isa = PBXFileReference; lastKnownFileType = sourcecode.swift; path = "TSBConstant+Extension.swift"; sourceTree = "<group>"; };
		73B9FCBA2006A4EF00C57D25 /* GraphDefinition.swift */ = {isa = PBXFileReference; lastKnownFileType = sourcecode.swift; path = GraphDefinition.swift; sourceTree = "<group>"; };
		73B9FCBC200B703600C57D25 /* AllBikesComboBox.swift */ = {isa = PBXFileReference; lastKnownFileType = sourcecode.swift; path = AllBikesComboBox.swift; sourceTree = "<group>"; };
		73BBE74B2085E4AD0033EAA6 /* WorkoutPredicateViewController.swift */ = {isa = PBXFileReference; lastKnownFileType = sourcecode.swift; path = WorkoutPredicateViewController.swift; sourceTree = "<group>"; };
		73BD2F63203E489000377CCE /* GMTDateFormatter.swift */ = {isa = PBXFileReference; lastKnownFileType = sourcecode.swift; path = GMTDateFormatter.swift; sourceTree = "<group>"; };
		73BE9F51208E0F5F00CD03B8 /* PlanDay+Extension.swift */ = {isa = PBXFileReference; lastKnownFileType = sourcecode.swift; path = "PlanDay+Extension.swift"; sourceTree = "<group>"; };
		73C13FB32049408100199D47 /* TrainingDiaryTabViewControler.swift */ = {isa = PBXFileReference; lastKnownFileType = sourcecode.swift; path = TrainingDiaryTabViewControler.swift; sourceTree = "<group>"; };
		73C13FB720495DF400199D47 /* DayTreeViewController.swift */ = {isa = PBXFileReference; lastKnownFileType = sourcecode.swift; path = DayTreeViewController.swift; sourceTree = "<group>"; };
		73C13FBB2049DC5400199D47 /* WorkoutsViewController.swift */ = {isa = PBXFileReference; lastKnownFileType = sourcecode.swift; path = WorkoutsViewController.swift; sourceTree = "<group>"; };
		73C2E4941FD7B29800C30316 /* GraphArrayController.swift */ = {isa = PBXFileReference; lastKnownFileType = sourcecode.swift; path = GraphArrayController.swift; sourceTree = "<group>"; };
		73C2E4981FD8967900C30316 /* GraphManagementDelegate.swift */ = {isa = PBXFileReference; lastKnownFileType = sourcecode.swift; path = GraphManagementDelegate.swift; sourceTree = "<group>"; };
		73C2F03D20206E480073323D /* Equipment+Extension.swift */ = {isa = PBXFileReference; lastKnownFileType = sourcecode.swift; path = "Equipment+Extension.swift"; sourceTree = "<group>"; };
		73C3B37C1F97AC1400ED6108 /* EddingtonNumberCalculator.swift */ = {isa = PBXFileReference; lastKnownFileType = sourcecode.swift; path = EddingtonNumberCalculator.swift; sourceTree = "<group>"; };
		73C3B37E1F97DC5A00ED6108 /* Date+Extension.swift */ = {isa = PBXFileReference; lastKnownFileType = sourcecode.swift; path = "Date+Extension.swift"; sourceTree = "<group>"; };
		73C56FE52045D0BD00E05AA3 /* EddingtonSearchViewController.swift */ = {isa = PBXFileReference; lastKnownFileType = sourcecode.swift; path = EddingtonSearchViewController.swift; sourceTree = "<group>"; };
		73C58CA61FA8EFD200F57BAE /* EddingtonNumber+Extension.swift */ = {isa = PBXFileReference; lastKnownFileType = sourcecode.swift; path = "EddingtonNumber+Extension.swift"; sourceTree = "<group>"; };
		73C5D1F2205406C1005C460D /* JSONExporter.swift */ = {isa = PBXFileReference; lastKnownFileType = sourcecode.swift; path = JSONExporter.swift; sourceTree = "<group>"; };
		73C65C5820516ABC00A3FBC3 /* EddingtonContributorsViewController.swift */ = {isa = PBXFileReference; lastKnownFileType = sourcecode.swift; path = EddingtonContributorsViewController.swift; sourceTree = "<group>"; };
		73C65C5A20517C1400A3FBC3 /* EddingtonTreeViewController.swift */ = {isa = PBXFileReference; lastKnownFileType = sourcecode.swift; path = EddingtonTreeViewController.swift; sourceTree = "<group>"; };
		73C65C5C20518B4300A3FBC3 /* EddingtonGraphViewController.swift */ = {isa = PBXFileReference; lastKnownFileType = sourcecode.swift; path = EddingtonGraphViewController.swift; sourceTree = "<group>"; };
		73CAFEA920292284003E4D6B /* PeriodNode.swift */ = {isa = PBXFileReference; lastKnownFileType = sourcecode.swift; path = PeriodNode.swift; sourceTree = "<group>"; };
		73CFDB81208CA00500534553 /* Plan+Extension.swift */ = {isa = PBXFileReference; lastKnownFileType = sourcecode.swift; path = "Plan+Extension.swift"; sourceTree = "<group>"; };
		73CFDB83208CA27900534553 /* PlanGraphViewController.swift */ = {isa = PBXFileReference; lastKnownFileType = sourcecode.swift; path = PlanGraphViewController.swift; sourceTree = "<group>"; };
		73D3171C2018BEA90070C40B /* TextViewToStringTransformer.swift */ = {isa = PBXFileReference; lastKnownFileType = sourcecode.swift; path = TextViewToStringTransformer.swift; sourceTree = "<group>"; };
		73D3738620176FD600E44427 /* BikeGraphs.swift */ = {isa = PBXFileReference; lastKnownFileType = sourcecode.swift; path = BikeGraphs.swift; sourceTree = "<group>"; };
		73D6CC701FC80A75006830DA /* GraphFormat.swift */ = {isa = PBXFileReference; fileEncoding = 4; lastKnownFileType = sourcecode.swift; path = GraphFormat.swift; sourceTree = "<group>"; };
		73D6CC761FC86CBE006830DA /* RollingPeriodSum.swift */ = {isa = PBXFileReference; lastKnownFileType = sourcecode.swift; path = RollingPeriodSum.swift; sourceTree = "<group>"; };
		73D6CC781FC86E5D006830DA /* ToDateSum.swift */ = {isa = PBXFileReference; lastKnownFileType = sourcecode.swift; path = ToDateSum.swift; sourceTree = "<group>"; };
		73D89F971FD15F39002F07A2 /* PeriodSum.swift */ = {isa = PBXFileReference; lastKnownFileType = sourcecode.swift; path = PeriodSum.swift; sourceTree = "<group>"; };
		73D89F991FD15FEB002F07A2 /* PeriodWeightedAverage.swift */ = {isa = PBXFileReference; lastKnownFileType = sourcecode.swift; path = PeriodWeightedAverage.swift; sourceTree = "<group>"; };
		73D89F9B1FD1BB03002F07A2 /* CompareGraphViewController.swift */ = {isa = PBXFileReference; lastKnownFileType = sourcecode.swift; path = CompareGraphViewController.swift; sourceTree = "<group>"; };
		73D89F9F1FD1E241002F07A2 /* DatedActivityGraphDefinition.swift */ = {isa = PBXFileReference; lastKnownFileType = sourcecode.swift; path = DatedActivityGraphDefinition.swift; sourceTree = "<group>"; };
		73D91919208BB15900211302 /* PlanBasicWeekViewController.swift */ = {isa = PBXFileReference; lastKnownFileType = sourcecode.swift; path = PlanBasicWeekViewController.swift; sourceTree = "<group>"; };
		73DC9B101FDC373700D4774A /* NumberToDetailedTimeTransformer.swift */ = {isa = PBXFileReference; lastKnownFileType = sourcecode.swift; path = NumberToDetailedTimeTransformer.swift; sourceTree = "<group>"; };
		73DC9B121FDC39B500D4774A /* NumberToSummaryTimeFormatter.swift */ = {isa = PBXFileReference; lastKnownFileType = sourcecode.swift; path = NumberToSummaryTimeFormatter.swift; sourceTree = "<group>"; };
		73DE3E29206BF4450029EF14 /* GraphSplitViewController.swift */ = {isa = PBXFileReference; lastKnownFileType = sourcecode.swift; path = GraphSplitViewController.swift; sourceTree = "<group>"; };
		73DE3E2B206BF4A10029EF14 /* GraphListViewController.swift */ = {isa = PBXFileReference; lastKnownFileType = sourcecode.swift; path = GraphListViewController.swift; sourceTree = "<group>"; };
		73E25E181FBEA9150081FC62 /* GraphView.swift */ = {isa = PBXFileReference; lastKnownFileType = sourcecode.swift; path = GraphView.swift; sourceTree = "<group>"; };
		73E25E1A1FC038FC0081FC62 /* GraphViewController.swift */ = {isa = PBXFileReference; lastKnownFileType = sourcecode.swift; path = GraphViewController.swift; sourceTree = "<group>"; };
		73E3C6DD208B1F2100B39235 /* PlanningSplitViewController.swift */ = {isa = PBXFileReference; lastKnownFileType = sourcecode.swift; path = PlanningSplitViewController.swift; sourceTree = "<group>"; };
		73E3C6DF208B214800B39235 /* PlansArrayController.swift */ = {isa = PBXFileReference; lastKnownFileType = sourcecode.swift; path = PlansArrayController.swift; sourceTree = "<group>"; };
		73E3C6E1208B229D00B39235 /* PlansTableViewController.swift */ = {isa = PBXFileReference; lastKnownFileType = sourcecode.swift; path = PlansTableViewController.swift; sourceTree = "<group>"; };
		73E582621F8A12A500B6E25D /* DaysArrayController.swift */ = {isa = PBXFileReference; lastKnownFileType = sourcecode.swift; path = DaysArrayController.swift; sourceTree = "<group>"; };
		73E6A3EC20524F4600551C85 /* CategoryProtocol.swift */ = {isa = PBXFileReference; lastKnownFileType = sourcecode.swift; path = CategoryProtocol.swift; sourceTree = "<group>"; };
		73E6A3EE20525CBD00551C85 /* Training Diary.entitlements */ = {isa = PBXFileReference; lastKnownFileType = text.plist.entitlements; path = "Training Diary.entitlements"; sourceTree = "<group>"; };
		73E7FD372015FA2900D1FCD4 /* BikeViewController.swift */ = {isa = PBXFileReference; lastKnownFileType = sourcecode.swift; path = BikeViewController.swift; sourceTree = "<group>"; };
		73EBA47E208346EB00426626 /* ActivityGraphViewController.swift */ = {isa = PBXFileReference; lastKnownFileType = sourcecode.swift; path = ActivityGraphViewController.swift; sourceTree = "<group>"; };
		73EBA4802083495600426626 /* TSBConstantsViewController.swift */ = {isa = PBXFileReference; lastKnownFileType = sourcecode.swift; path = TSBConstantsViewController.swift; sourceTree = "<group>"; };
		73EBA4822083642D00426626 /* TSConstantsSplitViewController.swift */ = {isa = PBXFileReference; lastKnownFileType = sourcecode.swift; path = TSConstantsSplitViewController.swift; sourceTree = "<group>"; };
		73F2119E1FB4A06900062DAE /* JSONImporter.swift */ = {isa = PBXFileReference; lastKnownFileType = sourcecode.swift; path = JSONImporter.swift; sourceTree = "<group>"; };
		73F270611FAB0CC400D36156 /* TableViewWithColumnSort.swift */ = {isa = PBXFileReference; lastKnownFileType = sourcecode.swift; path = TableViewWithColumnSort.swift; sourceTree = "<group>"; };
		73F70979204C38160022EC04 /* TrainingDiarySplitViewController.swift */ = {isa = PBXFileReference; lastKnownFileType = sourcecode.swift; path = TrainingDiarySplitViewController.swift; sourceTree = "<group>"; };
		73F9A3B2204EF584000DEECE /* DaysPredicatorEditorViewController.swift */ = {isa = PBXFileReference; lastKnownFileType = sourcecode.swift; path = DaysPredicatorEditorViewController.swift; sourceTree = "<group>"; };
		73FC61DE200E19A000C61DE6 /* filteringTable.html */ = {isa = PBXFileReference; fileEncoding = 4; lastKnownFileType = text.html; path = filteringTable.html; sourceTree = "<group>"; };
		73FC61E0200E1D1900C61DE6 /* tableStart.txt */ = {isa = PBXFileReference; lastKnownFileType = text; path = tableStart.txt; sourceTree = "<group>"; };
		73FC61E2200E1D5200C61DE6 /* tableEnd.txt */ = {isa = PBXFileReference; lastKnownFileType = text; path = tableEnd.txt; sourceTree = "<group>"; };
		73FC61E4200E26AA00C61DE6 /* LTDEddingtonNumberWebViewController.swift */ = {isa = PBXFileReference; lastKnownFileType = sourcecode.swift; path = LTDEddingtonNumberWebViewController.swift; sourceTree = "<group>"; };
/* End PBXFileReference section */

/* Begin PBXFrameworksBuildPhase section */
		73B2B9DC1F894CC00044DD4E /* Frameworks */ = {
			isa = PBXFrameworksBuildPhase;
			buildActionMask = 2147483647;
			files = (
			);
			runOnlyForDeploymentPostprocessing = 0;
		};
/* End PBXFrameworksBuildPhase section */

/* Begin PBXGroup section */
		73B2B9D61F894CC00044DD4E = {
			isa = PBXGroup;
			children = (
				73B2B9E11F894CC00044DD4E /* Training Diary */,
				73B2B9E01F894CC00044DD4E /* Products */,
			);
			sourceTree = "<group>";
		};
		73B2B9E01F894CC00044DD4E /* Products */ = {
			isa = PBXGroup;
			children = (
				73B2B9DF1F894CC00044DD4E /* Training Diary.app */,
			);
			name = Products;
			sourceTree = "<group>";
		};
		73B2B9E11F894CC00044DD4E /* Training Diary */ = {
			isa = PBXGroup;
			children = (
				73E6A3EE20525CBD00551C85 /* Training Diary.entitlements */,
				73FC61DE200E19A000C61DE6 /* filteringTable.html */,
				73FC61E0200E1D1900C61DE6 /* tableStart.txt */,
				73FC61E2200E1D5200C61DE6 /* tableEnd.txt */,
				73B3188B1FAB78AD00B75550 /* Type Extensions */,
				73E1216E1F98F8F700037DAF /* Data Model */,
				73E1216D1F98F89400037DAF /* Controller */,
				73D8D7181FB5F3CE00FAB8A3 /* GUI */,
				73B2B9E21F894CC00044DD4E /* AppDelegate.swift */,
				735E0AAD202D47B20089C2CD /* Maths.swift */,
				73B2B9E91F894CC00044DD4E /* Assets.xcassets */,
				73B2B9EE1F894CC00044DD4E /* Info.plist */,
				73B2B9EB1F894CC00044DD4E /* Main.storyboard */,
				73B2B9EF1F894CC00044DD4E /* Training_Diary.entitlements */,
			);
			path = "Training Diary";
			sourceTree = "<group>";
		};
		73B3188B1FAB78AD00B75550 /* Type Extensions */ = {
			isa = PBXGroup;
			children = (
				73C3B37E1F97DC5A00ED6108 /* Date+Extension.swift */,
				73B3188C1FAB78D000B75550 /* String+Extension.swift */,
				732807081FACBBF100658833 /* LinkedList.swift */,
				73475E9C2021CD67002407CB /* TreeNode.swift */,
				7328070A1FACBC2900658833 /* Queue.swift */,
				73AF13FE1FB064D2002A1B9E /* RollingSumQueue.swift */,
				731CF8041F981C3300C59AA8 /* RollingSum.swift */,
				73D6CC781FC86E5D006830DA /* ToDateSum.swift */,
				73D89F971FD15F39002F07A2 /* PeriodSum.swift */,
				73D89F991FD15FEB002F07A2 /* PeriodWeightedAverage.swift */,
				732EF2151FD0B60F008768C0 /* ToDateWeightedAverage.swift */,
				73D6CC761FC86CBE006830DA /* RollingPeriodSum.swift */,
				732EF2131FD0B5E6008768C0 /* RollingPeriodWeightedAverage.swift */,
			);
			path = "Type Extensions";
			sourceTree = "<group>";
		};
		73D8D7181FB5F3CE00FAB8A3 /* GUI */ = {
			isa = PBXGroup;
			children = (
				73B9FCBA2006A4EF00C57D25 /* GraphDefinition.swift */,
				7369D9F51FB24F8C00ECAA1E /* TSSMethodComboBox.swift */,
				7369D9ED1FB23DBC00ECAA1E /* DayTypeComboBox.swift */,
				73AF79AA2025CA0C0067CE37 /* GMTDatePicker.swift */,
				73BD2F63203E489000377CCE /* GMTDateFormatter.swift */,
				73789C8F20123C69002D2393 /* PeriodTextField.swift */,
				7369D9EF1FB24EEE00ECAA1E /* BikeComboBox.swift */,
				73B9FCBC200B703600C57D25 /* AllBikesComboBox.swift */,
				7369D9F71FB25B7600ECAA1E /* SleepQualityComboBox.swift */,
				7369D9F11FB24F2B00ECAA1E /* ActivityComboBox.swift */,
				7333B9F11FB613CA005F424E /* UnitComboBox.swift */,
				730AE25D1FC732DB00348A63 /* ChartTypeComboBox.swift */,
				7369D9F31FB24F5000ECAA1E /* ActivityTypeComboBox.swift */,
				733990C21FB34BD200E80D4A /* PeriodComboBox.swift */,
				73E25E181FBEA9150081FC62 /* GraphView.swift */,
				73920AB21FC8D2CA00A9686F /* AxisComboBox.swift */,
				73D6CC701FC80A75006830DA /* GraphFormat.swift */,
			);
			path = GUI;
			sourceTree = "<group>";
		};
		73E1216D1F98F89400037DAF /* Controller */ = {
			isa = PBXGroup;
			children = (
				7309AED51FC6CCC100054A6B /* ActivityGraphDefinition.swift */,
				73EBA47E208346EB00426626 /* ActivityGraphViewController.swift */,
				73593313201F7C6F007BB525 /* ActivityToStringTransformer.swift */,
				73D3738620176FD600E44427 /* BikeGraphs.swift */,
				73E7FD372015FA2900D1FCD4 /* BikeViewController.swift */,
				735F47AF206BC91600962F99 /* CompareGraphSplitViewController.swift */,
				735F47AD206BAAEC00962F99 /* CompareGraphTableViewController.swift */,
				73D89F9B1FD1BB03002F07A2 /* CompareGraphViewController.swift */,
				73D89F9F1FD1E241002F07A2 /* DatedActivityGraphDefinition.swift */,
				73E582621F8A12A500B6E25D /* DaysArrayController.swift */,
				7359C17E204C5D8C00A09B61 /* DaysInputViewController.swift */,
				73F9A3B2204EF584000DEECE /* DaysPredicatorEditorViewController.swift */,
				7359C182204CFB7700A09B61 /* DaysSplitViewController.swift */,
				7385C4781FAA600A00F48685 /* DaysViewController.swift */,
				73C13FB720495DF400199D47 /* DayTreeViewController.swift */,
				733AA829202A6E550065C8B9 /* DefaultsViewController.swift */,
				73C65C5820516ABC00A3FBC3 /* EddingtonContributorsViewController.swift */,
				73C65C5C20518B4300A3FBC3 /* EddingtonGraphViewController.swift */,
				731154262046550300C2179E /* EddingtonNumberTABViewController.swift */,
				73C56FE52045D0BD00E05AA3 /* EddingtonSearchViewController.swift */,
				73339CC720513AF3007CD288 /* EddingtonSplitViewController.swift */,
				73339CC920513E90007CD288 /* EddingtonTableViewController.swift */,
				73C65C5A20517C1400A3FBC3 /* EddingtonTreeViewController.swift */,
				73C2E4941FD7B29800C30316 /* GraphArrayController.swift */,
				73DE3E2B206BF4A10029EF14 /* GraphListViewController.swift */,
				73C2E4981FD8967900C30316 /* GraphManagementDelegate.swift */,
				73DE3E29206BF4450029EF14 /* GraphSplitViewController.swift */,
				73E25E1A1FC038FC0081FC62 /* GraphViewController.swift */,
				73FC61E4200E26AA00C61DE6 /* LTDEddingtonNumberWebViewController.swift */,
				73DC9B101FDC373700D4774A /* NumberToDetailedTimeTransformer.swift */,
				73DC9B121FDC39B500D4774A /* NumberToSummaryTimeFormatter.swift */,
				73AF79AC2025CF2E0067CE37 /* OutLineViewWithColumnSort.swift */,
				7333B9F51FB6F199005F424E /* PhysiologicalsArrayController.swift */,
				73339CCB20514804007CD288 /* ReferenceToMainProtocol.swift */,
				73F270611FAB0CC400D36156 /* TableViewWithColumnSort.swift */,
				73D3171C2018BEA90070C40B /* TextViewToStringTransformer.swift */,
				739E2875205415DA0058E06D /* TrainingDiaryArrayController.swift */,
				73F70979204C38160022EC04 /* TrainingDiarySplitViewController.swift */,
				73C13FB32049408100199D47 /* TrainingDiaryTabViewControler.swift */,
				733837D61FD99BDD0082C45B /* TrainingDiaryViewController.swift */,
				734C9C4F204BDDE90007F5B1 /* TrainingDiaryViewControllerProtocol.swift */,
				73B2B9FB1F896F920044DD4E /* TransformerNSNumberToTimeFormat.swift */,
				73EBA4802083495600426626 /* TSBConstantsViewController.swift */,
				73EBA4822083642D00426626 /* TSConstantsSplitViewController.swift */,
				73E3C6DD208B1F2100B39235 /* PlanningSplitViewController.swift */,
				73E3C6E1208B229D00B39235 /* PlansTableViewController.swift */,
				73D91919208BB15900211302 /* PlanBasicWeekViewController.swift */,
				73CFDB83208CA27900534553 /* PlanGraphViewController.swift */,
				735E8260208E3C7C00081C5D /* PlanOutputViewController.swift */,
				73E3C6DF208B214800B39235 /* PlansArrayController.swift */,
				73A620C52084E7A200679CE9 /* TSBGraphSplitViewController.swift */,
				73A620C72084E7F700679CE9 /* TSBGraphViewController.swift */,
				73A620C92084F44A00679CE9 /* TSBSelectorsViewController.swift */,
				73B2B9E41F894CC00044DD4E /* ViewController.swift */,
				73265B631FB471A00081D3F9 /* WeightHRViewController.swift */,
				7333B9F31FB6E04C005F424E /* WeightsArrayController.swift */,
				738ED876204D749A006187A1 /* WorkoutsInputViewController.swift */,
				73A06B04204D594A0088BD09 /* WorkoutSplitViewController.swift */,
				73C13FBB2049DC5400199D47 /* WorkoutsViewController.swift */,
				73BBE74B2085E4AD0033EAA6 /* WorkoutPredicateViewController.swift */,
				73A90F99208648CC00EF336F /* CalculatorViewController.swift */,
			);
			path = Controller;
			sourceTree = "<group>";
		};
		73E1216E1F98F8F700037DAF /* Data Model */ = {
			isa = PBXGroup;
			children = (
				73641577201C7207009D5817 /* Activity+Extension.swift */,
				731FA62A201FD890004EF572 /* ActivityType+Extension.swift */,
				73E6A3EC20524F4600551C85 /* CategoryProtocol.swift */,
				73B2B9F71F894E870044DD4E /* CoreDataStackSingleton.swift */,
				73789C8D2010CE61002D2393 /* CSVExporter.swift */,
				732103AD1FCFFB570020F365 /* CSVImporter.swift */,
				73B2BA011F898C060044DD4E /* Day+Extension.swift */,
				73AB477B202354CF0093B8A4 /* EddingtonHistory+Extension.swift */,
				73C58CA61FA8EFD200F57BAE /* EddingtonNumber+Extension.swift */,
				73C3B37C1F97AC1400ED6108 /* EddingtonNumberCalculator.swift */,
				73444C3E1F96AB9B00B3E84D /* Enumerations.swift */,
				73C2F03D20206E480073323D /* Equipment+Extension.swift */,
				73C5D1F2205406C1005C460D /* JSONExporter.swift */,
				73F2119E1FB4A06900062DAE /* JSONImporter.swift */,
				73B5644320260B6E0022E80A /* LTDEddingtonNumber+Extension.swift */,
				730DB7561FE132F500579A81 /* Metric+Extension.swift */,
				73CAFEA920292284003E4D6B /* PeriodNode.swift */,
				733AA827202930BB0065C8B9 /* PeriodNodeImplementation.swift */,
				73AA63FA2052BCF70044A05F /* PhysioLogical+Extension.swift */,
				73CFDB81208CA00500534553 /* Plan+Extension.swift */,
				73BE9F51208E0F5F00CD03B8 /* PlanDay+Extension.swift */,
				7355D4B3208FD0AB00C2F430 /* BasicWeekDay+Extension.swift */,
				73B2B9E61F894CC00044DD4E /* Training_Diary.xcdatamodeld */,
				7369D9F91FB2C97400ECAA1E /* TrainingDiary+Extension.swift */,
				73641579201C8FF5009D5817 /* TrainingDiaryValues.swift */,
				731CF8061F98467A00C59AA8 /* TSBCalculator.swift */,
				73B95E9F2074D36200976849 /* TSBConstant+Extension.swift */,
				73265B651FB47D240081D3F9 /* Weight+Extension.swift */,
				73B2B9FF1F898BF30044DD4E /* Workout+Extension.swift */,
			);
			path = "Data Model";
			sourceTree = "<group>";
		};
/* End PBXGroup section */

/* Begin PBXNativeTarget section */
		73B2B9DE1F894CC00044DD4E /* Training Diary */ = {
			isa = PBXNativeTarget;
			buildConfigurationList = 73B2B9F21F894CC00044DD4E /* Build configuration list for PBXNativeTarget "Training Diary" */;
			buildPhases = (
				73B2B9DB1F894CC00044DD4E /* Sources */,
				73B2B9DC1F894CC00044DD4E /* Frameworks */,
				73B2B9DD1F894CC00044DD4E /* Resources */,
			);
			buildRules = (
			);
			dependencies = (
			);
			name = "Training Diary";
			productName = "Training Diary";
			productReference = 73B2B9DF1F894CC00044DD4E /* Training Diary.app */;
			productType = "com.apple.product-type.application";
		};
/* End PBXNativeTarget section */

/* Begin PBXProject section */
		73B2B9D71F894CC00044DD4E /* Project object */ = {
			isa = PBXProject;
			attributes = {
				LastSwiftUpdateCheck = 0900;
				LastUpgradeCheck = 0900;
				ORGANIZATIONNAME = "Steven Lord";
				TargetAttributes = {
					73B2B9DE1F894CC00044DD4E = {
						CreatedOnToolsVersion = 9.0;
						ProvisioningStyle = Automatic;
						SystemCapabilities = {
							com.apple.Sandbox = {
								enabled = 1;
							};
						};
					};
				};
			};
			buildConfigurationList = 73B2B9DA1F894CC00044DD4E /* Build configuration list for PBXProject "Training Diary" */;
			compatibilityVersion = "Xcode 8.0";
			developmentRegion = en;
			hasScannedForEncodings = 0;
			knownRegions = (
				en,
				Base,
			);
			mainGroup = 73B2B9D61F894CC00044DD4E;
			productRefGroup = 73B2B9E01F894CC00044DD4E /* Products */;
			projectDirPath = "";
			projectRoot = "";
			targets = (
				73B2B9DE1F894CC00044DD4E /* Training Diary */,
			);
		};
/* End PBXProject section */

/* Begin PBXResourcesBuildPhase section */
		73B2B9DD1F894CC00044DD4E /* Resources */ = {
			isa = PBXResourcesBuildPhase;
			buildActionMask = 2147483647;
			files = (
				73B2B9EA1F894CC00044DD4E /* Assets.xcassets in Resources */,
				73B2B9ED1F894CC00044DD4E /* Main.storyboard in Resources */,
				73FC61E1200E1D1900C61DE6 /* tableStart.txt in Resources */,
				73FC61E3200E1D5200C61DE6 /* tableEnd.txt in Resources */,
				73FC61DF200E19A000C61DE6 /* filteringTable.html in Resources */,
			);
			runOnlyForDeploymentPostprocessing = 0;
		};
/* End PBXResourcesBuildPhase section */

/* Begin PBXSourcesBuildPhase section */
		73B2B9DB1F894CC00044DD4E /* Sources */ = {
			isa = PBXSourcesBuildPhase;
			buildActionMask = 2147483647;
			files = (
				738ED877204D749A006187A1 /* WorkoutsInputViewController.swift in Sources */,
				73B2B9E51F894CC00044DD4E /* ViewController.swift in Sources */,
				73789C8E2010CE61002D2393 /* CSVExporter.swift in Sources */,
				73A90F9A208648CC00EF336F /* CalculatorViewController.swift in Sources */,
				73FC61E5200E26AA00C61DE6 /* LTDEddingtonNumberWebViewController.swift in Sources */,
				73D9191A208BB15900211302 /* PlanBasicWeekViewController.swift in Sources */,
				735E0AAE202D47B20089C2CD /* Maths.swift in Sources */,
				73265B661FB47D240081D3F9 /* Weight+Extension.swift in Sources */,
				73EBA4832083642D00426626 /* TSConstantsSplitViewController.swift in Sources */,
				732EF2141FD0B5E6008768C0 /* RollingPeriodWeightedAverage.swift in Sources */,
				731FA62B201FD890004EF572 /* ActivityType+Extension.swift in Sources */,
				7309AED61FC6CCC100054A6B /* ActivityGraphDefinition.swift in Sources */,
				7359C17F204C5D8C00A09B61 /* DaysInputViewController.swift in Sources */,
				73DC9B111FDC373700D4774A /* NumberToDetailedTimeTransformer.swift in Sources */,
				73F9A3B3204EF584000DEECE /* DaysPredicatorEditorViewController.swift in Sources */,
				73F270621FAB0CC400D36156 /* TableViewWithColumnSort.swift in Sources */,
				73C65C5920516ABC00A3FBC3 /* EddingtonContributorsViewController.swift in Sources */,
				7369D9EE1FB23DBC00ECAA1E /* DayTypeComboBox.swift in Sources */,
				731154272046550300C2179E /* EddingtonNumberTABViewController.swift in Sources */,
				73339CC820513AF3007CD288 /* EddingtonSplitViewController.swift in Sources */,
				73F2119F1FB4A06900062DAE /* JSONImporter.swift in Sources */,
				732807091FACBBF100658833 /* LinkedList.swift in Sources */,
				73CFDB82208CA00500534553 /* Plan+Extension.swift in Sources */,
				731CF8051F981C3300C59AA8 /* RollingSum.swift in Sources */,
				73AF79AB2025CA0C0067CE37 /* GMTDatePicker.swift in Sources */,
				735F47AE206BAAEC00962F99 /* CompareGraphTableViewController.swift in Sources */,
				73789C9020123C69002D2393 /* PeriodTextField.swift in Sources */,
				73BE9F52208E0F5F00CD03B8 /* PlanDay+Extension.swift in Sources */,
				73475E9D2021CD67002407CB /* TreeNode.swift in Sources */,
				73C13FB920495DF400199D47 /* DayTreeViewController.swift in Sources */,
				73EBA4812083495600426626 /* TSBConstantsViewController.swift in Sources */,
				73CAFEAA20292284003E4D6B /* PeriodNode.swift in Sources */,
				73B2B9E81F894CC00044DD4E /* Training_Diary.xcdatamodeld in Sources */,
				73C13FB52049408100199D47 /* TrainingDiaryTabViewControler.swift in Sources */,
				73B9FCBD200B703600C57D25 /* AllBikesComboBox.swift in Sources */,
				73C2E4991FD8967900C30316 /* GraphManagementDelegate.swift in Sources */,
				7364157A201C8FF5009D5817 /* TrainingDiaryValues.swift in Sources */,
				73DC9B131FDC39B500D4774A /* NumberToSummaryTimeFormatter.swift in Sources */,
				73B95EA02074D36200976849 /* TSBConstant+Extension.swift in Sources */,
				73B2B9E31F894CC00044DD4E /* AppDelegate.swift in Sources */,
				733AA82A202A6E550065C8B9 /* DefaultsViewController.swift in Sources */,
				732EF2161FD0B60F008768C0 /* ToDateWeightedAverage.swift in Sources */,
				73265B641FB471A00081D3F9 /* WeightHRViewController.swift in Sources */,
				73E25E1B1FC038FC0081FC62 /* GraphViewController.swift in Sources */,
				73339CCC20514804007CD288 /* ReferenceToMainProtocol.swift in Sources */,
				7385C4791FAA600A00F48685 /* DaysViewController.swift in Sources */,
				73641578201C7207009D5817 /* Activity+Extension.swift in Sources */,
				734C9C50204BDDE90007F5B1 /* TrainingDiaryViewControllerProtocol.swift in Sources */,
				7369D9F81FB25B7600ECAA1E /* SleepQualityComboBox.swift in Sources */,
				73F7097A204C38160022EC04 /* TrainingDiarySplitViewController.swift in Sources */,
				73AF79AD2025CF2E0067CE37 /* OutLineViewWithColumnSort.swift in Sources */,
				73DE3E2A206BF4450029EF14 /* GraphSplitViewController.swift in Sources */,
				73444C3F1F96AB9B00B3E84D /* Enumerations.swift in Sources */,
				73C2E4951FD7B29800C30316 /* GraphArrayController.swift in Sources */,
				73EBA47F208346EB00426626 /* ActivityGraphViewController.swift in Sources */,
				73AA63FB2052BCF70044A05F /* PhysioLogical+Extension.swift in Sources */,
				73C65C5D20518B4300A3FBC3 /* EddingtonGraphViewController.swift in Sources */,
				73D6CC791FC86E5D006830DA /* ToDateSum.swift in Sources */,
				73C13FBC2049DC5400199D47 /* WorkoutsViewController.swift in Sources */,
				73A620C82084E7F700679CE9 /* TSBGraphViewController.swift in Sources */,
				73E25E191FBEA9150081FC62 /* GraphView.swift in Sources */,
				73D3171D2018BEA90070C40B /* TextViewToStringTransformer.swift in Sources */,
				73E3C6E0208B214800B39235 /* PlansArrayController.swift in Sources */,
				73A620C62084E7A200679CE9 /* TSBGraphSplitViewController.swift in Sources */,
				7369D9F01FB24EEE00ECAA1E /* BikeComboBox.swift in Sources */,
				73B5644420260B6E0022E80A /* LTDEddingtonNumber+Extension.swift in Sources */,
				7333B9F61FB6F199005F424E /* PhysiologicalsArrayController.swift in Sources */,
				73C3B37F1F97DC5A00ED6108 /* Date+Extension.swift in Sources */,
				733837D71FD99BDD0082C45B /* TrainingDiaryViewController.swift in Sources */,
				733AA828202930BB0065C8B9 /* PeriodNodeImplementation.swift in Sources */,
				73C3B37D1F97AC1400ED6108 /* EddingtonNumberCalculator.swift in Sources */,
				73B2BA001F898BF30044DD4E /* Workout+Extension.swift in Sources */,
				730DB7571FE132F500579A81 /* Metric+Extension.swift in Sources */,
				732103AE1FCFFB570020F365 /* CSVImporter.swift in Sources */,
				73C58CA71FA8EFD200F57BAE /* EddingtonNumber+Extension.swift in Sources */,
				73BD2F64203E489000377CCE /* GMTDateFormatter.swift in Sources */,
				730AE25E1FC732DB00348A63 /* ChartTypeComboBox.swift in Sources */,
				73E7FD382015FA2900D1FCD4 /* BikeViewController.swift in Sources */,
				735F47B0206BC91600962F99 /* CompareGraphSplitViewController.swift in Sources */,
				73D6CC771FC86CBE006830DA /* RollingPeriodSum.swift in Sources */,
				73B3188D1FAB78D000B75550 /* String+Extension.swift in Sources */,
				73E582631F8A12A500B6E25D /* DaysArrayController.swift in Sources */,
				7369D9FA1FB2C97400ECAA1E /* TrainingDiary+Extension.swift in Sources */,
				7333B9F41FB6E04C005F424E /* WeightsArrayController.swift in Sources */,
				735E8261208E3C7C00081C5D /* PlanOutputViewController.swift in Sources */,
				73CFDB84208CA27900534553 /* PlanGraphViewController.swift in Sources */,
				73D3738720176FD600E44427 /* BikeGraphs.swift in Sources */,
				73C2F03E20206E480073323D /* Equipment+Extension.swift in Sources */,
				7369D9F61FB24F8C00ECAA1E /* TSSMethodComboBox.swift in Sources */,
				73E6A3ED20524F4600551C85 /* CategoryProtocol.swift in Sources */,
				73DE3E2C206BF4A10029EF14 /* GraphListViewController.swift in Sources */,
				73B2B9FC1F896F920044DD4E /* TransformerNSNumberToTimeFormat.swift in Sources */,
				7328070B1FACBC2900658833 /* Queue.swift in Sources */,
				73B2B9F81F894E870044DD4E /* CoreDataStackSingleton.swift in Sources */,
				73E3C6DE208B1F2100B39235 /* PlanningSplitViewController.swift in Sources */,
				73C56FE62045D0BD00E05AA3 /* EddingtonSearchViewController.swift in Sources */,
				73C65C5B20517C1400A3FBC3 /* EddingtonTreeViewController.swift in Sources */,
				73D89F9A1FD15FEB002F07A2 /* PeriodWeightedAverage.swift in Sources */,
				73593314201F7C6F007BB525 /* ActivityToStringTransformer.swift in Sources */,
				7355D4B4208FD0AB00C2F430 /* BasicWeekDay+Extension.swift in Sources */,
				731CF8071F98467A00C59AA8 /* TSBCalculator.swift in Sources */,
				73C5D1F3205406C1005C460D /* JSONExporter.swift in Sources */,
				73AF13FF1FB064D2002A1B9E /* RollingSumQueue.swift in Sources */,
				73920AB31FC8D2CB00A9686F /* AxisComboBox.swift in Sources */,
				73E3C6E2208B229D00B39235 /* PlansTableViewController.swift in Sources */,
				73339CCA20513E90007CD288 /* EddingtonTableViewController.swift in Sources */,
				733990C31FB34BD200E80D4A /* PeriodComboBox.swift in Sources */,
				73A06B05204D594A0088BD09 /* WorkoutSplitViewController.swift in Sources */,
				73D89F9C1FD1BB03002F07A2 /* CompareGraphViewController.swift in Sources */,
				739E2876205415DA0058E06D /* TrainingDiaryArrayController.swift in Sources */,
				73D6CC711FC80A75006830DA /* GraphFormat.swift in Sources */,
				73AB477C202354CF0093B8A4 /* EddingtonHistory+Extension.swift in Sources */,
				73A620CA2084F44A00679CE9 /* TSBSelectorsViewController.swift in Sources */,
				7333B9F21FB613CA005F424E /* UnitComboBox.swift in Sources */,
				7369D9F21FB24F2B00ECAA1E /* ActivityComboBox.swift in Sources */,
				7369D9F41FB24F5000ECAA1E /* ActivityTypeComboBox.swift in Sources */,
				73BBE74C2085E4AD0033EAA6 /* WorkoutPredicateViewController.swift in Sources */,
				73B9FCBB2006A4EF00C57D25 /* GraphDefinition.swift in Sources */,
				7359C183204CFB7700A09B61 /* DaysSplitViewController.swift in Sources */,
				73D89F981FD15F39002F07A2 /* PeriodSum.swift in Sources */,
				73B2BA021F898C060044DD4E /* Day+Extension.swift in Sources */,
				73D89FA01FD1E241002F07A2 /* DatedActivityGraphDefinition.swift in Sources */,
			);
			runOnlyForDeploymentPostprocessing = 0;
		};
/* End PBXSourcesBuildPhase section */

/* Begin PBXVariantGroup section */
		73B2B9EB1F894CC00044DD4E /* Main.storyboard */ = {
			isa = PBXVariantGroup;
			children = (
				73B2B9EC1F894CC00044DD4E /* Base */,
			);
			name = Main.storyboard;
			sourceTree = "<group>";
		};
/* End PBXVariantGroup section */

/* Begin XCBuildConfiguration section */
		73B2B9F01F894CC00044DD4E /* Debug */ = {
			isa = XCBuildConfiguration;
			buildSettings = {
				ALWAYS_SEARCH_USER_PATHS = NO;
				CLANG_ANALYZER_NONNULL = YES;
				CLANG_ANALYZER_NUMBER_OBJECT_CONVERSION = YES_AGGRESSIVE;
				CLANG_CXX_LANGUAGE_STANDARD = "gnu++14";
				CLANG_CXX_LIBRARY = "libc++";
				CLANG_ENABLE_MODULES = YES;
				CLANG_ENABLE_OBJC_ARC = YES;
				CLANG_WARN_BLOCK_CAPTURE_AUTORELEASING = YES;
				CLANG_WARN_BOOL_CONVERSION = YES;
				CLANG_WARN_COMMA = YES;
				CLANG_WARN_CONSTANT_CONVERSION = YES;
				CLANG_WARN_DIRECT_OBJC_ISA_USAGE = YES_ERROR;
				CLANG_WARN_DOCUMENTATION_COMMENTS = YES;
				CLANG_WARN_EMPTY_BODY = YES;
				CLANG_WARN_ENUM_CONVERSION = YES;
				CLANG_WARN_INFINITE_RECURSION = YES;
				CLANG_WARN_INT_CONVERSION = YES;
				CLANG_WARN_NON_LITERAL_NULL_CONVERSION = YES;
				CLANG_WARN_OBJC_LITERAL_CONVERSION = YES;
				CLANG_WARN_OBJC_ROOT_CLASS = YES_ERROR;
				CLANG_WARN_RANGE_LOOP_ANALYSIS = YES;
				CLANG_WARN_STRICT_PROTOTYPES = YES;
				CLANG_WARN_SUSPICIOUS_MOVE = YES;
				CLANG_WARN_UNGUARDED_AVAILABILITY = YES_AGGRESSIVE;
				CLANG_WARN_UNREACHABLE_CODE = YES;
				CLANG_WARN__DUPLICATE_METHOD_MATCH = YES;
				CODE_SIGN_IDENTITY = "-";
				COPY_PHASE_STRIP = NO;
				DEBUG_INFORMATION_FORMAT = dwarf;
				ENABLE_STRICT_OBJC_MSGSEND = YES;
				ENABLE_TESTABILITY = YES;
				GCC_C_LANGUAGE_STANDARD = gnu11;
				GCC_DYNAMIC_NO_PIC = NO;
				GCC_NO_COMMON_BLOCKS = YES;
				GCC_OPTIMIZATION_LEVEL = 0;
				GCC_PREPROCESSOR_DEFINITIONS = (
					"DEBUG=1",
					"$(inherited)",
				);
				GCC_WARN_64_TO_32_BIT_CONVERSION = YES;
				GCC_WARN_ABOUT_RETURN_TYPE = YES_ERROR;
				GCC_WARN_UNDECLARED_SELECTOR = YES;
				GCC_WARN_UNINITIALIZED_AUTOS = YES_AGGRESSIVE;
				GCC_WARN_UNUSED_FUNCTION = YES;
				GCC_WARN_UNUSED_VARIABLE = YES;
				MACOSX_DEPLOYMENT_TARGET = 10.12;
				MTL_ENABLE_DEBUG_INFO = YES;
				ONLY_ACTIVE_ARCH = YES;
				SDKROOT = macosx;
				SWIFT_ACTIVE_COMPILATION_CONDITIONS = DEBUG;
				SWIFT_OPTIMIZATION_LEVEL = "-Onone";
			};
			name = Debug;
		};
		73B2B9F11F894CC00044DD4E /* Release */ = {
			isa = XCBuildConfiguration;
			buildSettings = {
				ALWAYS_SEARCH_USER_PATHS = NO;
				CLANG_ANALYZER_NONNULL = YES;
				CLANG_ANALYZER_NUMBER_OBJECT_CONVERSION = YES_AGGRESSIVE;
				CLANG_CXX_LANGUAGE_STANDARD = "gnu++14";
				CLANG_CXX_LIBRARY = "libc++";
				CLANG_ENABLE_MODULES = YES;
				CLANG_ENABLE_OBJC_ARC = YES;
				CLANG_WARN_BLOCK_CAPTURE_AUTORELEASING = YES;
				CLANG_WARN_BOOL_CONVERSION = YES;
				CLANG_WARN_COMMA = YES;
				CLANG_WARN_CONSTANT_CONVERSION = YES;
				CLANG_WARN_DIRECT_OBJC_ISA_USAGE = YES_ERROR;
				CLANG_WARN_DOCUMENTATION_COMMENTS = YES;
				CLANG_WARN_EMPTY_BODY = YES;
				CLANG_WARN_ENUM_CONVERSION = YES;
				CLANG_WARN_INFINITE_RECURSION = YES;
				CLANG_WARN_INT_CONVERSION = YES;
				CLANG_WARN_NON_LITERAL_NULL_CONVERSION = YES;
				CLANG_WARN_OBJC_LITERAL_CONVERSION = YES;
				CLANG_WARN_OBJC_ROOT_CLASS = YES_ERROR;
				CLANG_WARN_RANGE_LOOP_ANALYSIS = YES;
				CLANG_WARN_STRICT_PROTOTYPES = YES;
				CLANG_WARN_SUSPICIOUS_MOVE = YES;
				CLANG_WARN_UNGUARDED_AVAILABILITY = YES_AGGRESSIVE;
				CLANG_WARN_UNREACHABLE_CODE = YES;
				CLANG_WARN__DUPLICATE_METHOD_MATCH = YES;
				CODE_SIGN_IDENTITY = "-";
				COPY_PHASE_STRIP = NO;
				DEBUG_INFORMATION_FORMAT = "dwarf-with-dsym";
				ENABLE_NS_ASSERTIONS = NO;
				ENABLE_STRICT_OBJC_MSGSEND = YES;
				GCC_C_LANGUAGE_STANDARD = gnu11;
				GCC_NO_COMMON_BLOCKS = YES;
				GCC_WARN_64_TO_32_BIT_CONVERSION = YES;
				GCC_WARN_ABOUT_RETURN_TYPE = YES_ERROR;
				GCC_WARN_UNDECLARED_SELECTOR = YES;
				GCC_WARN_UNINITIALIZED_AUTOS = YES_AGGRESSIVE;
				GCC_WARN_UNUSED_FUNCTION = YES;
				GCC_WARN_UNUSED_VARIABLE = YES;
				MACOSX_DEPLOYMENT_TARGET = 10.12;
				MTL_ENABLE_DEBUG_INFO = NO;
				SDKROOT = macosx;
				SWIFT_OPTIMIZATION_LEVEL = "-Owholemodule";
			};
			name = Release;
		};
		73B2B9F31F894CC00044DD4E /* Debug */ = {
			isa = XCBuildConfiguration;
			buildSettings = {
				ASSETCATALOG_COMPILER_APPICON_NAME = AppIcon;
				CODE_SIGN_ENTITLEMENTS = "Training Diary/Training Diary.entitlements";
				CODE_SIGN_STYLE = Automatic;
				COMBINE_HIDPI_IMAGES = YES;
				INFOPLIST_FILE = "Training Diary/Info.plist";
				LD_RUNPATH_SEARCH_PATHS = "$(inherited) @executable_path/../Frameworks";
				PRODUCT_BUNDLE_IDENTIFIER = "uk.me.stevenlord.Training-Diary";
				PRODUCT_NAME = "$(TARGET_NAME)";
				SWIFT_VERSION = 4.0;
			};
			name = Debug;
		};
		73B2B9F41F894CC00044DD4E /* Release */ = {
			isa = XCBuildConfiguration;
			buildSettings = {
				ASSETCATALOG_COMPILER_APPICON_NAME = AppIcon;
				CODE_SIGN_ENTITLEMENTS = "Training Diary/Training Diary.entitlements";
				CODE_SIGN_STYLE = Automatic;
				COMBINE_HIDPI_IMAGES = YES;
				INFOPLIST_FILE = "Training Diary/Info.plist";
				LD_RUNPATH_SEARCH_PATHS = "$(inherited) @executable_path/../Frameworks";
				PRODUCT_BUNDLE_IDENTIFIER = "uk.me.stevenlord.Training-Diary";
				PRODUCT_NAME = "$(TARGET_NAME)";
				SWIFT_VERSION = 4.0;
			};
			name = Release;
		};
/* End XCBuildConfiguration section */

/* Begin XCConfigurationList section */
		73B2B9DA1F894CC00044DD4E /* Build configuration list for PBXProject "Training Diary" */ = {
			isa = XCConfigurationList;
			buildConfigurations = (
				73B2B9F01F894CC00044DD4E /* Debug */,
				73B2B9F11F894CC00044DD4E /* Release */,
			);
			defaultConfigurationIsVisible = 0;
			defaultConfigurationName = Release;
		};
		73B2B9F21F894CC00044DD4E /* Build configuration list for PBXNativeTarget "Training Diary" */ = {
			isa = XCConfigurationList;
			buildConfigurations = (
				73B2B9F31F894CC00044DD4E /* Debug */,
				73B2B9F41F894CC00044DD4E /* Release */,
			);
			defaultConfigurationIsVisible = 0;
			defaultConfigurationName = Release;
		};
/* End XCConfigurationList section */

/* Begin XCVersionGroup section */
		73B2B9E61F894CC00044DD4E /* Training_Diary.xcdatamodeld */ = {
			isa = XCVersionGroup;
			children = (
				73B2B9E71F894CC00044DD4E /* Training_Diary.xcdatamodel */,
			);
			currentVersion = 73B2B9E71F894CC00044DD4E /* Training_Diary.xcdatamodel */;
			path = Training_Diary.xcdatamodeld;
			sourceTree = "<group>";
			versionGroupType = wrapper.xcdatamodel;
		};
/* End XCVersionGroup section */
	};
	rootObject = 73B2B9D71F894CC00044DD4E /* Project object */;
}
